
Microsoft Visual Studio Solution File, Format Version 12.00
# Visual Studio 15
VisualStudioVersion = 15.0.34112.143
MinimumVisualStudioVersion = 10.0.40219.1
Project("{FAE04EC0-301F-11D3-BF4B-00C04F79EFBC}") = "FirstMVCApplication", "FirstMVCApplication\FirstMVCApplication.csproj", "{D50BB5D1-DF5C-4104-B5B2-3823D9F4382B}"
EndProject
Project("{FAE04EC0-301F-11D3-BF4B-00C04F79EFBC}") = "FirstMVCApplication.Tests", "FirstMVCApplication.Tests\FirstMVCApplication.Tests.csproj", "{03A9C156-5B2A-4620-8962-916429586777}"
EndProject
Global
	GlobalSection(SolutionConfigurationPlatforms) = preSolution
		Debug|Any CPU = Debug|Any CPU
		Release|Any CPU = Release|Any CPU
	EndGlobalSection
	GlobalSection(ProjectConfigurationPlatforms) = postSolution
		{D50BB5D1-DF5C-4104-B5B2-3823D9F4382B}.Debug|Any CPU.ActiveCfg = Debug|Any CPU
		{D50BB5D1-DF5C-4104-B5B2-3823D9F4382B}.Debug|Any CPU.Build.0 = Debug|Any CPU
		{D50BB5D1-DF5C-4104-B5B2-3823D9F4382B}.Release|Any CPU.ActiveCfg = Release|Any CPU
		{D50BB5D1-DF5C-4104-B5B2-3823D9F4382B}.Release|Any CPU.Build.0 = Release|Any CPU
		{03A9C156-5B2A-4620-8962-916429586777}.Debug|Any CPU.ActiveCfg = Debug|Any CPU
		{03A9C156-5B2A-4620-8962-916429586777}.Debug|Any CPU.Build.0 = Debug|Any CPU
		{03A9C156-5B2A-4620-8962-916429586777}.Release|Any CPU.ActiveCfg = Release|Any CPU
		{03A9C156-5B2A-4620-8962-916429586777}.Release|Any CPU.Build.0 = Release|Any CPU
	EndGlobalSection
	GlobalSection(SolutionProperties) = preSolution
		HideSolutionNode = FALSE
	EndGlobalSection
	GlobalSection(ExtensibilityGlobals) = postSolution
		SolutionGuid = {475A2585-ABBF-45D6-9D39-A065AE6B976F}
	EndGlobalSection
EndGlobal
